
Microsoft Visual Studio Solution File, Format Version 12.00
# Visual Studio Version 17
VisualStudioVersion = 17.2.32616.157
MinimumVisualStudioVersion = 10.0.40219.1
Project("{FAE04EC0-301F-11D3-BF4B-00C04F79EFBC}") = "consollapp222", "consollapp222\consollapp222.csproj", "{45336688-3D80-4AE8-B7DE-819EAB8CB406}"
EndProject
Global
	GlobalSection(SolutionConfigurationPlatforms) = preSolution
		Debug|Any CPU = Debug|Any CPU
		Release|Any CPU = Release|Any CPU
	EndGlobalSection
	GlobalSection(ProjectConfigurationPlatforms) = postSolution
		{45336688-3D80-4AE8-B7DE-819EAB8CB406}.Debug|Any CPU.ActiveCfg = Debug|Any CPU
		{45336688-3D80-4AE8-B7DE-819EAB8CB406}.Debug|Any CPU.Build.0 = Debug|Any CPU
		{45336688-3D80-4AE8-B7DE-819EAB8CB406}.Release|Any CPU.ActiveCfg = Release|Any CPU
		{45336688-3D80-4AE8-B7DE-819EAB8CB406}.Release|Any CPU.Build.0 = Release|Any CPU
	EndGlobalSection
	GlobalSection(SolutionProperties) = preSolution
		HideSolutionNode = FALSE
	EndGlobalSection
	GlobalSection(ExtensibilityGlobals) = postSolution
		SolutionGuid = {92C3B8FC-4395-49E4-BB88-06DCC5507568}
	EndGlobalSection
EndGlobal
